PODS:
  - Alamofire (3.1.4)
  - DateTools (1.7.0)
  - SwiftyJSON (2.3.2)

DEPENDENCIES:
  - Alamofire
  - DateTools
  - SwiftyJSON

SPEC CHECKSUMS:
  Alamofire: fbc829692f351fa1d8a31dd75fd7f7f56fea31fb
  DateTools: 53288ee8b905fdc75897a1e6b5cc0144b14cba60
  SwiftyJSON: 04ccea08915aa0109039157c7974cf0298da292a

COCOAPODS: 0.39.0
