// !$*UTF8*$!
{
	archiveVersion = 1;
	classes = {
	};
	objectVersion = 46;
	objects = {

/* Begin PBXBuildFile section */
		7D07F81D1C099C56007DF3FD /* AppDelegate.swift in Sources */ = {isa = PBXBuildFile; fileRef = 7D07F8171C099C56007DF3FD /* AppDelegate.swift */; };
		7D07F81E1C099C56007DF3FD /* Assets.xcassets in Resources */ = {isa = PBXBuildFile; fileRef = 7D07F8191C099C56007DF3FD /* Assets.xcassets */; };
		7D181E411C006D96000C04B5 /* SumDUTests.swift in Sources */ = {isa = PBXBuildFile; fileRef = 7D181E401C006D96000C04B5 /* SumDUTests.swift */; };
		7D181E4C1C006D96000C04B5 /* SumDUUITests.swift in Sources */ = {isa = PBXBuildFile; fileRef = 7D181E4B1C006D96000C04B5 /* SumDUUITests.swift */; };
		7D2B5D891C19FAEB00C758B8 /* ListData.swift in Sources */ = {isa = PBXBuildFile; fileRef = 7D2B5D881C19FAEB00C758B8 /* ListData.swift */; };
		7D9F955D1C160E13008B601F /* Parser.swift in Sources */ = {isa = PBXBuildFile; fileRef = 7D9F95581C160E13008B601F /* Parser.swift */; };
		7D9F955E1C160E13008B601F /* Schedule.swift in Sources */ = {isa = PBXBuildFile; fileRef = 7D9F95591C160E13008B601F /* Schedule.swift */; };
		B4E40A711C5CEC9A0057E53D /* InfoPlist.strings in Resources */ = {isa = PBXBuildFile; fileRef = B4E40A731C5CEC9A0057E53D /* InfoPlist.strings */; };
		B4E40A761C5CEC9A0057E53D /* InfoPlist.strings in Resources */ = {isa = PBXBuildFile; fileRef = B4E40A781C5CEC9A0057E53D /* InfoPlist.strings */; };
		B4E40A7B1C5CEC9B0057E53D /* Localizable.strings in Resources */ = {isa = PBXBuildFile; fileRef = B4E40A7D1C5CEC9B0057E53D /* Localizable.strings */; };
		B4E40A801C5CEC9B0057E53D /* InfoPlist.strings in Resources */ = {isa = PBXBuildFile; fileRef = B4E40A821C5CEC9B0057E53D /* InfoPlist.strings */; };
		BA3CA06247A057C315C84B37 /* Pods_SumDU_App_SumDU.framework in Frameworks */ = {isa = PBXBuildFile; fileRef = 79F29838E0D4D78D6E332C18 /* Pods_SumDU_App_SumDU.framework */; };
		DE2953BC1D338B8C00304901 /* MenuCollectionViewCell.swift in Sources */ = {isa = PBXBuildFile; fileRef = DE2953B81D338B8C00304901 /* MenuCollectionViewCell.swift */; };
		DE2953BD1D338B8C00304901 /* SearchBarView.swift in Sources */ = {isa = PBXBuildFile; fileRef = DE2953B91D338B8C00304901 /* SearchBarView.swift */; };
		DE2953BE1D338B8C00304901 /* SearchTextField.swift in Sources */ = {isa = PBXBuildFile; fileRef = DE2953BA1D338B8C00304901 /* SearchTextField.swift */; };
		DE351DD01D3D354A00E35443 /* MenuImageCollectionViewCell.swift in Sources */ = {isa = PBXBuildFile; fileRef = DE351DCF1D3D354A00E35443 /* MenuImageCollectionViewCell.swift */; };
		DE4CF07C1D367EB8000F9199 /* BackButton.swift in Sources */ = {isa = PBXBuildFile; fileRef = DE4CF07B1D367EB8000F9199 /* BackButton.swift */; };
		DE4CF07E1D3684C1000F9199 /* Font.swift in Sources */ = {isa = PBXBuildFile; fileRef = DE4CF07D1D3684C0000F9199 /* Font.swift */; };
		DE4CF0801D36855F000F9199 /* Colors.swift in Sources */ = {isa = PBXBuildFile; fileRef = DE4CF07F1D36855F000F9199 /* Colors.swift */; };
		DE4CF0821D368E9A000F9199 /* ShareButton.swift in Sources */ = {isa = PBXBuildFile; fileRef = DE4CF0811D368E9A000F9199 /* ShareButton.swift */; };
		DE4CF0841D368EC0000F9199 /* RefreshButton.swift in Sources */ = {isa = PBXBuildFile; fileRef = DE4CF0831D368EC0000F9199 /* RefreshButton.swift */; };
		DE4E1DEE1D38E79A00FF2EC0 /* SearchViewController + Model.swift in Sources */ = {isa = PBXBuildFile; fileRef = DE4E1DED1D38E79A00FF2EC0 /* SearchViewController + Model.swift */; };
		DE5533E41D3393EA0016AC67 /* SearchViewController.swift in Sources */ = {isa = PBXBuildFile; fileRef = DE5533E31D3393EA0016AC67 /* SearchViewController.swift */; };
		DE65F6371D3786470040A00D /* ScheduleSectionHeaderView.swift in Sources */ = {isa = PBXBuildFile; fileRef = DE65F6361D3786470040A00D /* ScheduleSectionHeaderView.swift */; };
		DE8517C81D956C98001942B2 /* Date.swift in Sources */ = {isa = PBXBuildFile; fileRef = DE8517C71D956C98001942B2 /* Date.swift */; };
		DEA86AAE1D9947CF002653AE /* EmptyHistoryView.swift in Sources */ = {isa = PBXBuildFile; fileRef = DEA86AAD1D9947CF002653AE /* EmptyHistoryView.swift */; };
		E17F12291C2F1C09001AB284 /* ScheduleTableViewCell.swift in Sources */ = {isa = PBXBuildFile; fileRef = E17F12281C2F1C09001AB284 /* ScheduleTableViewCell.swift */; };
		E19526A31C3E5C3B008AD541 /* Section.swift in Sources */ = {isa = PBXBuildFile; fileRef = E19526A21C3E5C3B008AD541 /* Section.swift */; };
		E1CD3B4A1C5CB88D0028B9A0 /* ScheduleCoder.swift in Sources */ = {isa = PBXBuildFile; fileRef = E1CD3B491C5CB88D0028B9A0 /* ScheduleCoder.swift */; };
		E1DA623B1C26A71400584099 /* ScheduleViewController.swift in Sources */ = {isa = PBXBuildFile; fileRef = E1DA623A1C26A71400584099 /* ScheduleViewController.swift */; };
		E43B299E1C1B7B10007DB3B0 /* ListDataCoder.swift in Sources */ = {isa = PBXBuildFile; fileRef = E43B299D1C1B7B10007DB3B0 /* ListDataCoder.swift */; };
		E4583E951C25495F0031F164 /* Keys.swift in Sources */ = {isa = PBXBuildFile; fileRef = E4583E941C25495F0031F164 /* Keys.swift */; };
		E45B9D2C1CDE7B3200B4467B /* SearchTableViewCell.swift in Sources */ = {isa = PBXBuildFile; fileRef = E45B9D2B1CDE7B3200B4467B /* SearchTableViewCell.swift */; };
		E4B3E0FA1C68F7C2005B8103 /* SectionCoder.swift in Sources */ = {isa = PBXBuildFile; fileRef = E4B3E0F91C68F7C2005B8103 /* SectionCoder.swift */; };
/* End PBXBuildFile section */

/* Begin PBXContainerItemProxy section */
		7D181E3D1C006D96000C04B5 /* PBXContainerItemProxy */ = {
			isa = PBXContainerItemProxy;
			containerPortal = 7D181E201C006D96000C04B5 /* Project object */;
			proxyType = 1;
			remoteGlobalIDString = 7D181E271C006D96000C04B5;
			remoteInfo = SumDU;
		};
		7D181E481C006D96000C04B5 /* PBXContainerItemProxy */ = {
			isa = PBXContainerItemProxy;
			containerPortal = 7D181E201C006D96000C04B5 /* Project object */;
			proxyType = 1;
			remoteGlobalIDString = 7D181E271C006D96000C04B5;
			remoteInfo = SumDU;
		};
/* End PBXContainerItemProxy section */

/* Begin PBXFileReference section */
		39F26E60412F76F92FD02551 /* Pods-SumDU App-SumDU.release.xcconfig */ = {isa = PBXFileReference; includeInIndex = 1; lastKnownFileType = text.xcconfig; name = "Pods-SumDU App-SumDU.release.xcconfig"; path = "Pods/Target Support Files/Pods-SumDU App-SumDU/Pods-SumDU App-SumDU.release.xcconfig"; sourceTree = "<group>"; };
		79F29838E0D4D78D6E332C18 /* Pods_SumDU_App_SumDU.framework */ = {isa = PBXFileReference; explicitFileType = wrapper.framework; includeInIndex = 0; path = Pods_SumDU_App_SumDU.framework; sourceTree = BUILT_PRODUCTS_DIR; };
		7D07F8171C099C56007DF3FD /* AppDelegate.swift */ = {isa = PBXFileReference; fileEncoding = 4; lastKnownFileType = sourcecode.swift; path = AppDelegate.swift; sourceTree = "<group>"; };
		7D07F8191C099C56007DF3FD /* Assets.xcassets */ = {isa = PBXFileReference; lastKnownFileType = folder.assetcatalog; path = Assets.xcassets; sourceTree = "<group>"; };
		7D07F81A1C099C56007DF3FD /* Info.plist */ = {isa = PBXFileReference; fileEncoding = 4; lastKnownFileType = text.plist.xml; path = Info.plist; sourceTree = "<group>"; };
		7D181E281C006D96000C04B5 /* SumDU.app */ = {isa = PBXFileReference; explicitFileType = wrapper.application; includeInIndex = 0; path = SumDU.app; sourceTree = BUILT_PRODUCTS_DIR; };
		7D181E3C1C006D96000C04B5 /* SumDUTests.xctest */ = {isa = PBXFileReference; explicitFileType = wrapper.cfbundle; includeInIndex = 0; path = SumDUTests.xctest; sourceTree = BUILT_PRODUCTS_DIR; };
		7D181E401C006D96000C04B5 /* SumDUTests.swift */ = {isa = PBXFileReference; lastKnownFileType = sourcecode.swift; path = SumDUTests.swift; sourceTree = "<group>"; };
		7D181E421C006D96000C04B5 /* Info.plist */ = {isa = PBXFileReference; lastKnownFileType = text.plist.xml; path = Info.plist; sourceTree = "<group>"; };
		7D181E471C006D96000C04B5 /* SumDUUITests.xctest */ = {isa = PBXFileReference; explicitFileType = wrapper.cfbundle; includeInIndex = 0; path = SumDUUITests.xctest; sourceTree = BUILT_PRODUCTS_DIR; };
		7D181E4B1C006D96000C04B5 /* SumDUUITests.swift */ = {isa = PBXFileReference; lastKnownFileType = sourcecode.swift; path = SumDUUITests.swift; sourceTree = "<group>"; };
		7D181E4D1C006D96000C04B5 /* Info.plist */ = {isa = PBXFileReference; lastKnownFileType = text.plist.xml; path = Info.plist; sourceTree = "<group>"; };
		7D2B5D881C19FAEB00C758B8 /* ListData.swift */ = {isa = PBXFileReference; fileEncoding = 4; lastKnownFileType = sourcecode.swift; path = ListData.swift; sourceTree = "<group>"; };
		7D9F95581C160E13008B601F /* Parser.swift */ = {isa = PBXFileReference; fileEncoding = 4; lastKnownFileType = sourcecode.swift; path = Parser.swift; sourceTree = "<group>"; };
		7D9F95591C160E13008B601F /* Schedule.swift */ = {isa = PBXFileReference; fileEncoding = 4; lastKnownFileType = sourcecode.swift; path = Schedule.swift; sourceTree = "<group>"; };
		B4E40A721C5CEC9A0057E53D /* ru */ = {isa = PBXFileReference; lastKnownFileType = text.plist.strings; name = ru; path = ru.lproj/InfoPlist.strings; sourceTree = "<group>"; };
		B4E40A771C5CEC9A0057E53D /* ru */ = {isa = PBXFileReference; lastKnownFileType = text.plist.strings; name = ru; path = ru.lproj/InfoPlist.strings; sourceTree = "<group>"; };
		B4E40A7C1C5CEC9B0057E53D /* ru */ = {isa = PBXFileReference; lastKnownFileType = text.plist.strings; name = ru; path = ru.lproj/Localizable.strings; sourceTree = "<group>"; };
		B4E40A811C5CEC9B0057E53D /* ru */ = {isa = PBXFileReference; lastKnownFileType = text.plist.strings; name = ru; path = ru.lproj/InfoPlist.strings; sourceTree = "<group>"; };
		B4E40A831C5CECD30057E53D /* uk */ = {isa = PBXFileReference; lastKnownFileType = text.plist.strings; name = uk; path = uk.lproj/InfoPlist.strings; sourceTree = "<group>"; };
		B4E40A841C5CECD40057E53D /* uk */ = {isa = PBXFileReference; lastKnownFileType = text.plist.strings; name = uk; path = uk.lproj/InfoPlist.strings; sourceTree = "<group>"; };
		B4E40A851C5CECD40057E53D /* uk */ = {isa = PBXFileReference; lastKnownFileType = text.plist.strings; name = uk; path = uk.lproj/Localizable.strings; sourceTree = "<group>"; };
		B4E40A861C5CECD40057E53D /* uk */ = {isa = PBXFileReference; lastKnownFileType = text.plist.strings; name = uk; path = uk.lproj/InfoPlist.strings; sourceTree = "<group>"; };
		D1DD90AC92C58F9DD5331ED4 /* Pods.framework */ = {isa = PBXFileReference; explicitFileType = wrapper.framework; includeInIndex = 0; path = Pods.framework; sourceTree = BUILT_PRODUCTS_DIR; };
		DE2953B81D338B8C00304901 /* MenuCollectionViewCell.swift */ = {isa = PBXFileReference; fileEncoding = 4; lastKnownFileType = sourcecode.swift; path = MenuCollectionViewCell.swift; sourceTree = "<group>"; };
		DE2953B91D338B8C00304901 /* SearchBarView.swift */ = {isa = PBXFileReference; fileEncoding = 4; lastKnownFileType = sourcecode.swift; path = SearchBarView.swift; sourceTree = "<group>"; };
		DE2953BA1D338B8C00304901 /* SearchTextField.swift */ = {isa = PBXFileReference; fileEncoding = 4; lastKnownFileType = sourcecode.swift; path = SearchTextField.swift; sourceTree = "<group>"; };
		DE351DCF1D3D354A00E35443 /* MenuImageCollectionViewCell.swift */ = {isa = PBXFileReference; fileEncoding = 4; lastKnownFileType = sourcecode.swift; path = MenuImageCollectionViewCell.swift; sourceTree = "<group>"; };
		DE4CF07B1D367EB8000F9199 /* BackButton.swift */ = {isa = PBXFileReference; fileEncoding = 4; lastKnownFileType = sourcecode.swift; path = BackButton.swift; sourceTree = "<group>"; };
		DE4CF07D1D3684C0000F9199 /* Font.swift */ = {isa = PBXFileReference; fileEncoding = 4; lastKnownFileType = sourcecode.swift; path = Font.swift; sourceTree = "<group>"; };
		DE4CF07F1D36855F000F9199 /* Colors.swift */ = {isa = PBXFileReference; fileEncoding = 4; lastKnownFileType = sourcecode.swift; path = Colors.swift; sourceTree = "<group>"; };
		DE4CF0811D368E9A000F9199 /* ShareButton.swift */ = {isa = PBXFileReference; fileEncoding = 4; lastKnownFileType = sourcecode.swift; path = ShareButton.swift; sourceTree = "<group>"; };
		DE4CF0831D368EC0000F9199 /* RefreshButton.swift */ = {isa = PBXFileReference; fileEncoding = 4; lastKnownFileType = sourcecode.swift; path = RefreshButton.swift; sourceTree = "<group>"; };
		DE4E1DED1D38E79A00FF2EC0 /* SearchViewController + Model.swift */ = {isa = PBXFileReference; fileEncoding = 4; lastKnownFileType = sourcecode.swift; path = "SearchViewController + Model.swift"; sourceTree = "<group>"; };
		DE5533E31D3393EA0016AC67 /* SearchViewController.swift */ = {isa = PBXFileReference; fileEncoding = 4; lastKnownFileType = sourcecode.swift; path = SearchViewController.swift; sourceTree = "<group>"; };
		DE65F6361D3786470040A00D /* ScheduleSectionHeaderView.swift */ = {isa = PBXFileReference; fileEncoding = 4; lastKnownFileType = sourcecode.swift; path = ScheduleSectionHeaderView.swift; sourceTree = "<group>"; };
		DE769A4C1D81B40D00B07A6C /* Base */ = {isa = PBXFileReference; lastKnownFileType = text.plist.strings; name = Base; path = Base.lproj/Localizable.strings; sourceTree = "<group>"; };
		DE769A4D1D81B4B900B07A6C /* Base */ = {isa = PBXFileReference; lastKnownFileType = text.plist.strings; name = Base; path = Base.lproj/InfoPlist.strings; sourceTree = "<group>"; };
		DE769A4E1D81B4BB00B07A6C /* en */ = {isa = PBXFileReference; lastKnownFileType = text.plist.strings; name = en; path = en.lproj/InfoPlist.strings; sourceTree = "<group>"; };
		DE769A4F1D81B4D700B07A6C /* en */ = {isa = PBXFileReference; lastKnownFileType = text.plist.strings; name = en; path = en.lproj/Localizable.strings; sourceTree = "<group>"; };
		DE8517C71D956C98001942B2 /* Date.swift */ = {isa = PBXFileReference; fileEncoding = 4; lastKnownFileType = sourcecode.swift; path = Date.swift; sourceTree = "<group>"; };
		DEA86AAD1D9947CF002653AE /* EmptyHistoryView.swift */ = {isa = PBXFileReference; fileEncoding = 4; lastKnownFileType = sourcecode.swift; path = EmptyHistoryView.swift; sourceTree = "<group>"; };
		E17F12281C2F1C09001AB284 /* ScheduleTableViewCell.swift */ = {isa = PBXFileReference; fileEncoding = 4; lastKnownFileType = sourcecode.swift; path = ScheduleTableViewCell.swift; sourceTree = "<group>"; };
		E19526A21C3E5C3B008AD541 /* Section.swift */ = {isa = PBXFileReference; fileEncoding = 4; lastKnownFileType = sourcecode.swift; path = Section.swift; sourceTree = "<group>"; };
		E1CD3B491C5CB88D0028B9A0 /* ScheduleCoder.swift */ = {isa = PBXFileReference; fileEncoding = 4; lastKnownFileType = sourcecode.swift; path = ScheduleCoder.swift; sourceTree = "<group>"; };
		E1DA623A1C26A71400584099 /* ScheduleViewController.swift */ = {isa = PBXFileReference; fileEncoding = 4; lastKnownFileType = sourcecode.swift; path = ScheduleViewController.swift; sourceTree = "<group>"; };
		E43B299D1C1B7B10007DB3B0 /* ListDataCoder.swift */ = {isa = PBXFileReference; fileEncoding = 4; lastKnownFileType = sourcecode.swift; path = ListDataCoder.swift; sourceTree = "<group>"; };
		E4583E941C25495F0031F164 /* Keys.swift */ = {isa = PBXFileReference; fileEncoding = 4; lastKnownFileType = sourcecode.swift; path = Keys.swift; sourceTree = "<group>"; };
		E45B9D2B1CDE7B3200B4467B /* SearchTableViewCell.swift */ = {isa = PBXFileReference; fileEncoding = 4; lastKnownFileType = sourcecode.swift; path = SearchTableViewCell.swift; sourceTree = "<group>"; };
		E4B3E0F91C68F7C2005B8103 /* SectionCoder.swift */ = {isa = PBXFileReference; fileEncoding = 4; lastKnownFileType = sourcecode.swift; path = SectionCoder.swift; sourceTree = "<group>"; };
		FB032204C3608C736FD14CED /* Pods-SumDU App-SumDU.debug.xcconfig */ = {isa = PBXFileReference; includeInIndex = 1; lastKnownFileType = text.xcconfig; name = "Pods-SumDU App-SumDU.debug.xcconfig"; path = "Pods/Target Support Files/Pods-SumDU App-SumDU/Pods-SumDU App-SumDU.debug.xcconfig"; sourceTree = "<group>"; };
/* End PBXFileReference section */

/* Begin PBXFrameworksBuildPhase section */
		7D181E251C006D96000C04B5 /* Frameworks */ = {
			isa = PBXFrameworksBuildPhase;
			buildActionMask = 2147483647;
			files = (
				BA3CA06247A057C315C84B37 /* Pods_SumDU_App_SumDU.framework in Frameworks */,
			);
			runOnlyForDeploymentPostprocessing = 0;
		};
		7D181E391C006D96000C04B5 /* Frameworks */ = {
			isa = PBXFrameworksBuildPhase;
			buildActionMask = 2147483647;
			files = (
			);
			runOnlyForDeploymentPostprocessing = 0;
		};
		7D181E441C006D96000C04B5 /* Frameworks */ = {
			isa = PBXFrameworksBuildPhase;
			buildActionMask = 2147483647;
			files = (
			);
			runOnlyForDeploymentPostprocessing = 0;
		};
/* End PBXFrameworksBuildPhase section */

/* Begin PBXGroup section */
		7C07A7BC9450EC8E2E7B29B8 /* Pods */ = {
			isa = PBXGroup;
			children = (
				FB032204C3608C736FD14CED /* Pods-SumDU App-SumDU.debug.xcconfig */,
				39F26E60412F76F92FD02551 /* Pods-SumDU App-SumDU.release.xcconfig */,
			);
			name = Pods;
			sourceTree = "<group>";
		};
		7D07F8161C099C56007DF3FD /* App Delegate */ = {
			isa = PBXGroup;
			children = (
				7D07F8171C099C56007DF3FD /* AppDelegate.swift */,
			);
			path = "App Delegate";
			sourceTree = "<group>";
		};
		7D07F8181C099C56007DF3FD /* Resources */ = {
			isa = PBXGroup;
			children = (
				B4E40A821C5CEC9B0057E53D /* InfoPlist.strings */,
				B4E40A7D1C5CEC9B0057E53D /* Localizable.strings */,
				7D07F8191C099C56007DF3FD /* Assets.xcassets */,
				7D07F81A1C099C56007DF3FD /* Info.plist */,
			);
			path = Resources;
			sourceTree = "<group>";
		};
		7D07F81B1C099C56007DF3FD /* View Controllers */ = {
			isa = PBXGroup;
			children = (
				DE2953B61D338B3100304901 /* Schedule */,
				DE2953B51D338ADE00304901 /* Search */,
			);
			path = "View Controllers";
			sourceTree = "<group>";
		};
		7D07F8211C099CAF007DF3FD /* Models */ = {
			isa = PBXGroup;
			children = (
				7D9F95581C160E13008B601F /* Parser.swift */,
				7D9F95591C160E13008B601F /* Schedule.swift */,
				E1CD3B491C5CB88D0028B9A0 /* ScheduleCoder.swift */,
				7D2B5D881C19FAEB00C758B8 /* ListData.swift */,
				E43B299D1C1B7B10007DB3B0 /* ListDataCoder.swift */,
				E19526A21C3E5C3B008AD541 /* Section.swift */,
				E4B3E0F91C68F7C2005B8103 /* SectionCoder.swift */,
			);
			path = Models;
			sourceTree = "<group>";
		};
		7D181E1F1C006D96000C04B5 = {
			isa = PBXGroup;
			children = (
				7D181E2A1C006D96000C04B5 /* SumDU */,
				7D181E3F1C006D96000C04B5 /* SumDUTests */,
				7D181E4A1C006D96000C04B5 /* SumDUUITests */,
				7D181E291C006D96000C04B5 /* Products */,
				C60A99424433C1A53A9F188E /* Frameworks */,
				7C07A7BC9450EC8E2E7B29B8 /* Pods */,
			);
			sourceTree = "<group>";
		};
		7D181E291C006D96000C04B5 /* Products */ = {
			isa = PBXGroup;
			children = (
				7D181E281C006D96000C04B5 /* SumDU.app */,
				7D181E3C1C006D96000C04B5 /* SumDUTests.xctest */,
				7D181E471C006D96000C04B5 /* SumDUUITests.xctest */,
			);
			name = Products;
			sourceTree = "<group>";
		};
		7D181E2A1C006D96000C04B5 /* SumDU */ = {
			isa = PBXGroup;
			children = (
				7D07F8161C099C56007DF3FD /* App Delegate */,
				DE4CF0791D367E9F000F9199 /* Components */,
				E4583E931C25494A0031F164 /* Constants */,
				DE8517C61D956C98001942B2 /* Extensions */,
				B4EEB8231C5A153800879965 /* Helpers */,
				7D07F8211C099CAF007DF3FD /* Models */,
				7D07F8181C099C56007DF3FD /* Resources */,
				7D07F81B1C099C56007DF3FD /* View Controllers */,
			);
			path = SumDU;
			sourceTree = "<group>";
		};
		7D181E3F1C006D96000C04B5 /* SumDUTests */ = {
			isa = PBXGroup;
			children = (
				B4E40A731C5CEC9A0057E53D /* InfoPlist.strings */,
				7D181E401C006D96000C04B5 /* SumDUTests.swift */,
				7D181E421C006D96000C04B5 /* Info.plist */,
			);
			path = SumDUTests;
			sourceTree = "<group>";
		};
		7D181E4A1C006D96000C04B5 /* SumDUUITests */ = {
			isa = PBXGroup;
			children = (
				B4E40A781C5CEC9A0057E53D /* InfoPlist.strings */,
				7D181E4B1C006D96000C04B5 /* SumDUUITests.swift */,
				7D181E4D1C006D96000C04B5 /* Info.plist */,
			);
			path = SumDUUITests;
			sourceTree = "<group>";
		};
		B4EEB8231C5A153800879965 /* Helpers */ = {
			isa = PBXGroup;
			children = (
				DE4CF07D1D3684C0000F9199 /* Font.swift */,
			);
			path = Helpers;
			sourceTree = "<group>";
		};
		C60A99424433C1A53A9F188E /* Frameworks */ = {
			isa = PBXGroup;
			children = (
				D1DD90AC92C58F9DD5331ED4 /* Pods.framework */,
				79F29838E0D4D78D6E332C18 /* Pods_SumDU_App_SumDU.framework */,
			);
			name = Frameworks;
			sourceTree = "<group>";
		};
		DE2953B51D338ADE00304901 /* Search */ = {
			isa = PBXGroup;
			children = (
				DEA86AAD1D9947CF002653AE /* EmptyHistoryView.swift */,
				E45B9D2B1CDE7B3200B4467B /* SearchTableViewCell.swift */,
				DE4E1DED1D38E79A00FF2EC0 /* SearchViewController + Model.swift */,
				DE5533E31D3393EA0016AC67 /* SearchViewController.swift */,
				DE351DCE1D3D350600E35443 /* Menu */,
				DE4E1DEC1D38E6D300FF2EC0 /* Search Bar */,
			);
			name = Search;
			sourceTree = "<group>";
		};
		DE2953B61D338B3100304901 /* Schedule */ = {
			isa = PBXGroup;
			children = (
				DE65F6361D3786470040A00D /* ScheduleSectionHeaderView.swift */,
				E17F12281C2F1C09001AB284 /* ScheduleTableViewCell.swift */,
				E1DA623A1C26A71400584099 /* ScheduleViewController.swift */,
			);
			name = Schedule;
			sourceTree = "<group>";
		};
		DE351DCE1D3D350600E35443 /* Menu */ = {
			isa = PBXGroup;
			children = (
				DE2953B81D338B8C00304901 /* MenuCollectionViewCell.swift */,
				DE351DCF1D3D354A00E35443 /* MenuImageCollectionViewCell.swift */,
			);
			name = Menu;
			sourceTree = "<group>";
		};
		DE4CF0791D367E9F000F9199 /* Components */ = {
			isa = PBXGroup;
			children = (
				DE4CF07A1D367EAB000F9199 /* Buttons */,
			);
			name = Components;
			sourceTree = "<group>";
		};
		DE4CF07A1D367EAB000F9199 /* Buttons */ = {
			isa = PBXGroup;
			children = (
				DE4CF07B1D367EB8000F9199 /* BackButton.swift */,
				DE4CF0811D368E9A000F9199 /* ShareButton.swift */,
				DE4CF0831D368EC0000F9199 /* RefreshButton.swift */,
			);
			name = Buttons;
			sourceTree = "<group>";
		};
		DE4E1DEC1D38E6D300FF2EC0 /* Search Bar */ = {
			isa = PBXGroup;
			children = (
				DE2953B91D338B8C00304901 /* SearchBarView.swift */,
				DE2953BA1D338B8C00304901 /* SearchTextField.swift */,
			);
			name = "Search Bar";
			sourceTree = "<group>";
		};
		DE8517C61D956C98001942B2 /* Extensions */ = {
			isa = PBXGroup;
			children = (
				DE8517C71D956C98001942B2 /* Date.swift */,
			);
			path = Extensions;
			sourceTree = "<group>";
		};
		E4583E931C25494A0031F164 /* Constants */ = {
			isa = PBXGroup;
			children = (
				E4583E941C25495F0031F164 /* Keys.swift */,
				DE4CF07F1D36855F000F9199 /* Colors.swift */,
			);
			path = Constants;
			sourceTree = "<group>";
		};
/* End PBXGroup section */

/* Begin PBXNativeTarget section */
		7D181E271C006D96000C04B5 /* SumDU */ = {
			isa = PBXNativeTarget;
			buildConfigurationList = 7D181E501C006D96000C04B5 /* Build configuration list for PBXNativeTarget "SumDU" */;
			buildPhases = (
				B5BBB1C4A80EF6C691A6ADAA /* [CP] Check Pods Manifest.lock */,
				7D181E241C006D96000C04B5 /* Sources */,
				7D181E251C006D96000C04B5 /* Frameworks */,
				7D181E261C006D96000C04B5 /* Resources */,
				5BB172652324EFEC1993800F /* [CP] Embed Pods Frameworks */,
				EDFF230668C7A30079EA826A /* [CP] Copy Pods Resources */,
			);
			buildRules = (
			);
			dependencies = (
			);
			name = SumDU;
			productName = SumDU;
			productReference = 7D181E281C006D96000C04B5 /* SumDU.app */;
			productType = "com.apple.product-type.application";
		};
		7D181E3B1C006D96000C04B5 /* SumDUTests */ = {
			isa = PBXNativeTarget;
			buildConfigurationList = 7D181E531C006D96000C04B5 /* Build configuration list for PBXNativeTarget "SumDUTests" */;
			buildPhases = (
				7D181E381C006D96000C04B5 /* Sources */,
				7D181E391C006D96000C04B5 /* Frameworks */,
				7D181E3A1C006D96000C04B5 /* Resources */,
			);
			buildRules = (
			);
			dependencies = (
				7D181E3E1C006D96000C04B5 /* PBXTargetDependency */,
			);
			name = SumDUTests;
			productName = SumDUTests;
			productReference = 7D181E3C1C006D96000C04B5 /* SumDUTests.xctest */;
			productType = "com.apple.product-type.bundle.unit-test";
		};
		7D181E461C006D96000C04B5 /* SumDUUITests */ = {
			isa = PBXNativeTarget;
			buildConfigurationList = 7D181E561C006D96000C04B5 /* Build configuration list for PBXNativeTarget "SumDUUITests" */;
			buildPhases = (
				7D181E431C006D96000C04B5 /* Sources */,
				7D181E441C006D96000C04B5 /* Frameworks */,
				7D181E451C006D96000C04B5 /* Resources */,
			);
			buildRules = (
			);
			dependencies = (
				7D181E491C006D96000C04B5 /* PBXTargetDependency */,
			);
			name = SumDUUITests;
			productName = SumDUUITests;
			productReference = 7D181E471C006D96000C04B5 /* SumDUUITests.xctest */;
			productType = "com.apple.product-type.bundle.ui-testing";
		};
/* End PBXNativeTarget section */

/* Begin PBXProject section */
		7D181E201C006D96000C04B5 /* Project object */ = {
			isa = PBXProject;
			attributes = {
				LastSwiftUpdateCheck = 0710;
				LastUpgradeCheck = 0800;
				ORGANIZATIONNAME = "App Dev Academy";
				TargetAttributes = {
					7D181E271C006D96000C04B5 = {
						CreatedOnToolsVersion = 7.1.1;
						DevelopmentTeam = CBGX48BZ8F;
						LastSwiftMigration = 0800;
					};
					7D181E3B1C006D96000C04B5 = {
						CreatedOnToolsVersion = 7.1.1;
						LastSwiftMigration = 0800;
						TestTargetID = 7D181E271C006D96000C04B5;
					};
					7D181E461C006D96000C04B5 = {
						CreatedOnToolsVersion = 7.1.1;
						LastSwiftMigration = 0800;
						TestTargetID = 7D181E271C006D96000C04B5;
					};
				};
			};
			buildConfigurationList = 7D181E231C006D96000C04B5 /* Build configuration list for PBXProject "SumDU" */;
			compatibilityVersion = "Xcode 3.2";
			developmentRegion = English;
			hasScannedForEncodings = 0;
			knownRegions = (
				en,
				Base,
			);
			mainGroup = 7D181E1F1C006D96000C04B5;
			productRefGroup = 7D181E291C006D96000C04B5 /* Products */;
			projectDirPath = "";
			projectRoot = "";
			targets = (
				7D181E271C006D96000C04B5 /* SumDU */,
				7D181E3B1C006D96000C04B5 /* SumDUTests */,
				7D181E461C006D96000C04B5 /* SumDUUITests */,
			);
		};
/* End PBXProject section */

/* Begin PBXResourcesBuildPhase section */
		7D181E261C006D96000C04B5 /* Resources */ = {
			isa = PBXResourcesBuildPhase;
			buildActionMask = 2147483647;
			files = (
				7D07F81E1C099C56007DF3FD /* Assets.xcassets in Resources */,
				B4E40A801C5CEC9B0057E53D /* InfoPlist.strings in Resources */,
				B4E40A7B1C5CEC9B0057E53D /* Localizable.strings in Resources */,
			);
			runOnlyForDeploymentPostprocessing = 0;
		};
		7D181E3A1C006D96000C04B5 /* Resources */ = {
			isa = PBXResourcesBuildPhase;
			buildActionMask = 2147483647;
			files = (
				B4E40A711C5CEC9A0057E53D /* InfoPlist.strings in Resources */,
			);
			runOnlyForDeploymentPostprocessing = 0;
		};
		7D181E451C006D96000C04B5 /* Resources */ = {
			isa = PBXResourcesBuildPhase;
			buildActionMask = 2147483647;
			files = (
				B4E40A761C5CEC9A0057E53D /* InfoPlist.strings in Resources */,
			);
			runOnlyForDeploymentPostprocessing = 0;
		};
/* End PBXResourcesBuildPhase section */

/* Begin PBXShellScriptBuildPhase section */
		5BB172652324EFEC1993800F /* [CP] Embed Pods Frameworks */ = {
			isa = PBXShellScriptBuildPhase;
			buildActionMask = 2147483647;
			files = (
			);
			inputPaths = (
			);
			name = "[CP] Embed Pods Frameworks";
			outputPaths = (
			);
			runOnlyForDeploymentPostprocessing = 0;
			shellPath = /bin/sh;
			shellScript = "\"${SRCROOT}/Pods/Target Support Files/Pods-SumDU App-SumDU/Pods-SumDU App-SumDU-frameworks.sh\"\n";
			showEnvVarsInLog = 0;
		};
		B5BBB1C4A80EF6C691A6ADAA /* [CP] Check Pods Manifest.lock */ = {
			isa = PBXShellScriptBuildPhase;
			buildActionMask = 2147483647;
			files = (
			);
			inputPaths = (
			);
			name = "[CP] Check Pods Manifest.lock";
			outputPaths = (
			);
			runOnlyForDeploymentPostprocessing = 0;
			shellPath = /bin/sh;
			shellScript = "diff \"${PODS_ROOT}/../Podfile.lock\" \"${PODS_ROOT}/Manifest.lock\" > /dev/null\nif [ $? != 0 ] ; then\n    # print error to STDERR\n    echo \"error: The sandbox is not in sync with the Podfile.lock. Run 'pod install' or update your CocoaPods installation.\" >&2\n    exit 1\nfi\n";
			showEnvVarsInLog = 0;
		};
		EDFF230668C7A30079EA826A /* [CP] Copy Pods Resources */ = {
			isa = PBXShellScriptBuildPhase;
			buildActionMask = 2147483647;
			files = (
			);
			inputPaths = (
			);
			name = "[CP] Copy Pods Resources";
			outputPaths = (
			);
			runOnlyForDeploymentPostprocessing = 0;
			shellPath = /bin/sh;
			shellScript = "\"${SRCROOT}/Pods/Target Support Files/Pods-SumDU App-SumDU/Pods-SumDU App-SumDU-resources.sh\"\n";
			showEnvVarsInLog = 0;
		};
/* End PBXShellScriptBuildPhase section */

/* Begin PBXSourcesBuildPhase section */
		7D181E241C006D96000C04B5 /* Sources */ = {
			isa = PBXSourcesBuildPhase;
			buildActionMask = 2147483647;
			files = (
				DE2953BD1D338B8C00304901 /* SearchBarView.swift in Sources */,
				DE4CF0801D36855F000F9199 /* Colors.swift in Sources */,
				DE4CF07C1D367EB8000F9199 /* BackButton.swift in Sources */,
				DE4CF0821D368E9A000F9199 /* ShareButton.swift in Sources */,
				DE65F6371D3786470040A00D /* ScheduleSectionHeaderView.swift in Sources */,
				7D2B5D891C19FAEB00C758B8 /* ListData.swift in Sources */,
				7D9F955D1C160E13008B601F /* Parser.swift in Sources */,
				E1DA623B1C26A71400584099 /* ScheduleViewController.swift in Sources */,
				DE5533E41D3393EA0016AC67 /* SearchViewController.swift in Sources */,
				7D9F955E1C160E13008B601F /* Schedule.swift in Sources */,
				DEA86AAE1D9947CF002653AE /* EmptyHistoryView.swift in Sources */,
				DE4E1DEE1D38E79A00FF2EC0 /* SearchViewController + Model.swift in Sources */,
				E19526A31C3E5C3B008AD541 /* Section.swift in Sources */,
				DE2953BE1D338B8C00304901 /* SearchTextField.swift in Sources */,
				E43B299E1C1B7B10007DB3B0 /* ListDataCoder.swift in Sources */,
				E1CD3B4A1C5CB88D0028B9A0 /* ScheduleCoder.swift in Sources */,
				DE4CF07E1D3684C1000F9199 /* Font.swift in Sources */,
				DE2953BC1D338B8C00304901 /* MenuCollectionViewCell.swift in Sources */,
				E4583E951C25495F0031F164 /* Keys.swift in Sources */,
				DE351DD01D3D354A00E35443 /* MenuImageCollectionViewCell.swift in Sources */,
				E17F12291C2F1C09001AB284 /* ScheduleTableViewCell.swift in Sources */,
				7D07F81D1C099C56007DF3FD /* AppDelegate.swift in Sources */,
				DE4CF0841D368EC0000F9199 /* RefreshButton.swift in Sources */,
				E4B3E0FA1C68F7C2005B8103 /* SectionCoder.swift in Sources */,
				DE8517C81D956C98001942B2 /* Date.swift in Sources */,
				E45B9D2C1CDE7B3200B4467B /* SearchTableViewCell.swift in Sources */,
			);
			runOnlyForDeploymentPostprocessing = 0;
		};
		7D181E381C006D96000C04B5 /* Sources */ = {
			isa = PBXSourcesBuildPhase;
			buildActionMask = 2147483647;
			files = (
				7D181E411C006D96000C04B5 /* SumDUTests.swift in Sources */,
			);
			runOnlyForDeploymentPostprocessing = 0;
		};
		7D181E431C006D96000C04B5 /* Sources */ = {
			isa = PBXSourcesBuildPhase;
			buildActionMask = 2147483647;
			files = (
				7D181E4C1C006D96000C04B5 /* SumDUUITests.swift in Sources */,
			);
			runOnlyForDeploymentPostprocessing = 0;
		};
/* End PBXSourcesBuildPhase section */

/* Begin PBXTargetDependency section */
		7D181E3E1C006D96000C04B5 /* PBXTargetDependency */ = {
			isa = PBXTargetDependency;
			target = 7D181E271C006D96000C04B5 /* SumDU */;
			targetProxy = 7D181E3D1C006D96000C04B5 /* PBXContainerItemProxy */;
		};
		7D181E491C006D96000C04B5 /* PBXTargetDependency */ = {
			isa = PBXTargetDependency;
			target = 7D181E271C006D96000C04B5 /* SumDU */;
			targetProxy = 7D181E481C006D96000C04B5 /* PBXContainerItemProxy */;
		};
/* End PBXTargetDependency section */

/* Begin PBXVariantGroup section */
		B4E40A731C5CEC9A0057E53D /* InfoPlist.strings */ = {
			isa = PBXVariantGroup;
			children = (
				B4E40A721C5CEC9A0057E53D /* ru */,
				B4E40A831C5CECD30057E53D /* uk */,
			);
			name = InfoPlist.strings;
			sourceTree = "<group>";
		};
		B4E40A781C5CEC9A0057E53D /* InfoPlist.strings */ = {
			isa = PBXVariantGroup;
			children = (
				B4E40A771C5CEC9A0057E53D /* ru */,
				B4E40A841C5CECD40057E53D /* uk */,
			);
			name = InfoPlist.strings;
			sourceTree = "<group>";
		};
		B4E40A7D1C5CEC9B0057E53D /* Localizable.strings */ = {
			isa = PBXVariantGroup;
			children = (
				B4E40A7C1C5CEC9B0057E53D /* ru */,
				B4E40A851C5CECD40057E53D /* uk */,
				DE769A4C1D81B40D00B07A6C /* Base */,
				DE769A4F1D81B4D700B07A6C /* en */,
			);
			name = Localizable.strings;
			sourceTree = "<group>";
		};
		B4E40A821C5CEC9B0057E53D /* InfoPlist.strings */ = {
			isa = PBXVariantGroup;
			children = (
				B4E40A811C5CEC9B0057E53D /* ru */,
				B4E40A861C5CECD40057E53D /* uk */,
				DE769A4D1D81B4B900B07A6C /* Base */,
				DE769A4E1D81B4BB00B07A6C /* en */,
			);
			name = InfoPlist.strings;
			sourceTree = "<group>";
		};
/* End PBXVariantGroup section */

/* Begin XCBuildConfiguration section */
		7D181E4E1C006D96000C04B5 /* Debug */ = {
			isa = XCBuildConfiguration;
			buildSettings = {
				ALWAYS_SEARCH_USER_PATHS = NO;
				CLANG_ANALYZER_LOCALIZABILITY_NONLOCALIZED = YES;
				CLANG_CXX_LANGUAGE_STANDARD = "gnu++0x";
				CLANG_CXX_LIBRARY = "libc++";
				CLANG_ENABLE_MODULES = YES;
				CLANG_ENABLE_OBJC_ARC = YES;
				CLANG_WARN_BOOL_CONVERSION = YES;
				CLANG_WARN_CONSTANT_CONVERSION = YES;
				CLANG_WARN_DIRECT_OBJC_ISA_USAGE = YES_ERROR;
				CLANG_WARN_EMPTY_BODY = YES;
				CLANG_WARN_ENUM_CONVERSION = YES;
				CLANG_WARN_INFINITE_RECURSION = YES;
				CLANG_WARN_INT_CONVERSION = YES;
				CLANG_WARN_OBJC_ROOT_CLASS = YES_ERROR;
				CLANG_WARN_SUSPICIOUS_MOVE = YES;
				CLANG_WARN_UNREACHABLE_CODE = YES;
				CLANG_WARN__DUPLICATE_METHOD_MATCH = YES;
				"CODE_SIGN_IDENTITY[sdk=iphoneos*]" = "iPhone Developer";
				COPY_PHASE_STRIP = NO;
				DEBUG_INFORMATION_FORMAT = dwarf;
				ENABLE_STRICT_OBJC_MSGSEND = YES;
				ENABLE_TESTABILITY = YES;
				GCC_C_LANGUAGE_STANDARD = gnu99;
				GCC_DYNAMIC_NO_PIC = NO;
				GCC_NO_COMMON_BLOCKS = YES;
				GCC_OPTIMIZATION_LEVEL = 0;
				GCC_PREPROCESSOR_DEFINITIONS = (
					"DEBUG=1",
					"$(inherited)",
				);
				GCC_WARN_64_TO_32_BIT_CONVERSION = YES;
				GCC_WARN_ABOUT_RETURN_TYPE = YES_ERROR;
				GCC_WARN_UNDECLARED_SELECTOR = YES;
				GCC_WARN_UNINITIALIZED_AUTOS = YES_AGGRESSIVE;
				GCC_WARN_UNUSED_FUNCTION = YES;
				GCC_WARN_UNUSED_VARIABLE = YES;
				IPHONEOS_DEPLOYMENT_TARGET = 9.3;
				MTL_ENABLE_DEBUG_INFO = YES;
				ONLY_ACTIVE_ARCH = YES;
				SDKROOT = iphoneos;
				SWIFT_OPTIMIZATION_LEVEL = "-Onone";
				TARGETED_DEVICE_FAMILY = "1,2";
			};
			name = Debug;
		};
		7D181E4F1C006D96000C04B5 /* Release */ = {
			isa = XCBuildConfiguration;
			buildSettings = {
				ALWAYS_SEARCH_USER_PATHS = NO;
				CLANG_ANALYZER_LOCALIZABILITY_NONLOCALIZED = YES;
				CLANG_CXX_LANGUAGE_STANDARD = "gnu++0x";
				CLANG_CXX_LIBRARY = "libc++";
				CLANG_ENABLE_MODULES = YES;
				CLANG_ENABLE_OBJC_ARC = YES;
				CLANG_WARN_BOOL_CONVERSION = YES;
				CLANG_WARN_CONSTANT_CONVERSION = YES;
				CLANG_WARN_DIRECT_OBJC_ISA_USAGE = YES_ERROR;
				CLANG_WARN_EMPTY_BODY = YES;
				CLANG_WARN_ENUM_CONVERSION = YES;
				CLANG_WARN_INFINITE_RECURSION = YES;
				CLANG_WARN_INT_CONVERSION = YES;
				CLANG_WARN_OBJC_ROOT_CLASS = YES_ERROR;
				CLANG_WARN_SUSPICIOUS_MOVE = YES;
				CLANG_WARN_UNREACHABLE_CODE = YES;
				CLANG_WARN__DUPLICATE_METHOD_MATCH = YES;
				"CODE_SIGN_IDENTITY[sdk=iphoneos*]" = "iPhone Developer";
				COPY_PHASE_STRIP = NO;
				DEBUG_INFORMATION_FORMAT = "dwarf-with-dsym";
				ENABLE_NS_ASSERTIONS = NO;
				ENABLE_STRICT_OBJC_MSGSEND = YES;
				GCC_C_LANGUAGE_STANDARD = gnu99;
				GCC_NO_COMMON_BLOCKS = YES;
				GCC_WARN_64_TO_32_BIT_CONVERSION = YES;
				GCC_WARN_ABOUT_RETURN_TYPE = YES_ERROR;
				GCC_WARN_UNDECLARED_SELECTOR = YES;
				GCC_WARN_UNINITIALIZED_AUTOS = YES_AGGRESSIVE;
				GCC_WARN_UNUSED_FUNCTION = YES;
				GCC_WARN_UNUSED_VARIABLE = YES;
				IPHONEOS_DEPLOYMENT_TARGET = 9.3;
				MTL_ENABLE_DEBUG_INFO = NO;
				SDKROOT = iphoneos;
				SWIFT_OPTIMIZATION_LEVEL = "-Owholemodule";
				TARGETED_DEVICE_FAMILY = "1,2";
				VALIDATE_PRODUCT = YES;
			};
			name = Release;
		};
		7D181E511C006D96000C04B5 /* Debug */ = {
			isa = XCBuildConfiguration;
			baseConfigurationReference = FB032204C3608C736FD14CED /* Pods-SumDU App-SumDU.debug.xcconfig */;
			buildSettings = {
				ASSETCATALOG_COMPILER_APPICON_NAME = AppIcon;
				ASSETCATALOG_COMPILER_LAUNCHIMAGE_NAME = "Brand Assets";
				CODE_SIGN_IDENTITY = "iPhone Developer";
				"CODE_SIGN_IDENTITY[sdk=iphoneos*]" = "iPhone Developer";
				DEVELOPMENT_TEAM = CBGX48BZ8F;
				INFOPLIST_FILE = "$(SRCROOT)/SumDU/Resources/Info.plist";
				IPHONEOS_DEPLOYMENT_TARGET = 9.0;
				LD_RUNPATH_SEARCH_PATHS = "$(inherited) @executable_path/Frameworks";
				PRODUCT_BUNDLE_IDENTIFIER = Maksym.Skliarov.SumDU;
				PRODUCT_NAME = "$(TARGET_NAME)";
				PROVISIONING_PROFILE = "";
				SWIFT_OBJC_BRIDGING_HEADER = "";
				SWIFT_VERSION = 3.0;
			};
			name = Debug;
		};
		7D181E521C006D96000C04B5 /* Release */ = {
			isa = XCBuildConfiguration;
			baseConfigurationReference = 39F26E60412F76F92FD02551 /* Pods-SumDU App-SumDU.release.xcconfig */;
			buildSettings = {
				ASSETCATALOG_COMPILER_APPICON_NAME = AppIcon;
				ASSETCATALOG_COMPILER_LAUNCHIMAGE_NAME = "Brand Assets";
				CODE_SIGN_IDENTITY = "iPhone Developer";
				"CODE_SIGN_IDENTITY[sdk=iphoneos*]" = "iPhone Developer";
				DEVELOPMENT_TEAM = CBGX48BZ8F;
				INFOPLIST_FILE = "$(SRCROOT)/SumDU/Resources/Info.plist";
				IPHONEOS_DEPLOYMENT_TARGET = 9.0;
				LD_RUNPATH_SEARCH_PATHS = "$(inherited) @executable_path/Frameworks";
				PRODUCT_BUNDLE_IDENTIFIER = Maksym.Skliarov.SumDU;
				PRODUCT_NAME = "$(TARGET_NAME)";
				PROVISIONING_PROFILE = "";
				SWIFT_OBJC_BRIDGING_HEADER = "";
				SWIFT_VERSION = 3.0;
			};
			name = Release;
		};
		7D181E541C006D96000C04B5 /* Debug */ = {
			isa = XCBuildConfiguration;
			buildSettings = {
				BUNDLE_LOADER = "$(TEST_HOST)";
				INFOPLIST_FILE = SumDUTests/Info.plist;
				LD_RUNPATH_SEARCH_PATHS = "$(inherited) @executable_path/Frameworks @loader_path/Frameworks";
				PRODUCT_BUNDLE_IDENTIFIER = com.iosonrails.SumDUTests;
				PRODUCT_NAME = "$(TARGET_NAME)";
				SWIFT_VERSION = 3.0;
				TEST_HOST = "$(BUILT_PRODUCTS_DIR)/SumDU.app/SumDU";
			};
			name = Debug;
		};
		7D181E551C006D96000C04B5 /* Release */ = {
			isa = XCBuildConfiguration;
			buildSettings = {
				BUNDLE_LOADER = "$(TEST_HOST)";
				INFOPLIST_FILE = SumDUTests/Info.plist;
				LD_RUNPATH_SEARCH_PATHS = "$(inherited) @executable_path/Frameworks @loader_path/Frameworks";
				PRODUCT_BUNDLE_IDENTIFIER = com.iosonrails.SumDUTests;
				PRODUCT_NAME = "$(TARGET_NAME)";
				SWIFT_VERSION = 3.0;
				TEST_HOST = "$(BUILT_PRODUCTS_DIR)/SumDU.app/SumDU";
			};
			name = Release;
		};
		7D181E571C006D96000C04B5 /* Debug */ = {
			isa = XCBuildConfiguration;
			buildSettings = {
				INFOPLIST_FILE = SumDUUITests/Info.plist;
				LD_RUNPATH_SEARCH_PATHS = "$(inherited) @executable_path/Frameworks @loader_path/Frameworks";
				PRODUCT_BUNDLE_IDENTIFIER = com.iosonrails.SumDUUITests;
				PRODUCT_NAME = "$(TARGET_NAME)";
				SWIFT_VERSION = 3.0;
				TEST_TARGET_NAME = SumDU;
				USES_XCTRUNNER = YES;
			};
			name = Debug;
		};
		7D181E581C006D96000C04B5 /* Release */ = {
			isa = XCBuildConfiguration;
			buildSettings = {
				INFOPLIST_FILE = SumDUUITests/Info.plist;
				LD_RUNPATH_SEARCH_PATHS = "$(inherited) @executable_path/Frameworks @loader_path/Frameworks";
				PRODUCT_BUNDLE_IDENTIFIER = com.iosonrails.SumDUUITests;
				PRODUCT_NAME = "$(TARGET_NAME)";
				SWIFT_VERSION = 3.0;
				TEST_TARGET_NAME = SumDU;
				USES_XCTRUNNER = YES;
			};
			name = Release;
		};
/* End XCBuildConfiguration section */

/* Begin XCConfigurationList section */
		7D181E231C006D96000C04B5 /* Build configuration list for PBXProject "SumDU" */ = {
			isa = XCConfigurationList;
			buildConfigurations = (
				7D181E4E1C006D96000C04B5 /* Debug */,
				7D181E4F1C006D96000C04B5 /* Release */,
			);
			defaultConfigurationIsVisible = 0;
			defaultConfigurationName = Release;
		};
		7D181E501C006D96000C04B5 /* Build configuration list for PBXNativeTarget "SumDU" */ = {
			isa = XCConfigurationList;
			buildConfigurations = (
				7D181E511C006D96000C04B5 /* Debug */,
				7D181E521C006D96000C04B5 /* Release */,
			);
			defaultConfigurationIsVisible = 0;
			defaultConfigurationName = Release;
		};
		7D181E531C006D96000C04B5 /* Build configuration list for PBXNativeTarget "SumDUTests" */ = {
			isa = XCConfigurationList;
			buildConfigurations = (
				7D181E541C006D96000C04B5 /* Debug */,
				7D181E551C006D96000C04B5 /* Release */,
			);
			defaultConfigurationIsVisible = 0;
			defaultConfigurationName = Release;
		};
		7D181E561C006D96000C04B5 /* Build configuration list for PBXNativeTarget "SumDUUITests" */ = {
			isa = XCConfigurationList;
			buildConfigurations = (
				7D181E571C006D96000C04B5 /* Debug */,
				7D181E581C006D96000C04B5 /* Release */,
			);
			defaultConfigurationIsVisible = 0;
			defaultConfigurationName = Release;
		};
/* End XCConfigurationList section */
	};
	rootObject = 7D181E201C006D96000C04B5 /* Project object */;
}
