// !$*UTF8*$!
{
	archiveVersion = 1;
	classes = {
	};
	objectVersion = 46;
	objects = {

/* Begin PBXBuildFile section */
		1876DEC51B31EC3AB821E964 /* Pods.framework in Frameworks */ = {isa = PBXBuildFile; fileRef = D1DD90AC92C58F9DD5331ED4 /* Pods.framework */; };
		7D07F81D1C099C56007DF3FD /* AppDelegate.swift in Sources */ = {isa = PBXBuildFile; fileRef = 7D07F8171C099C56007DF3FD /* AppDelegate.swift */; };
		7D07F81E1C099C56007DF3FD /* Assets.xcassets in Resources */ = {isa = PBXBuildFile; fileRef = 7D07F8191C099C56007DF3FD /* Assets.xcassets */; };
		7D07F8201C099C56007DF3FD /* ViewController.swift in Sources */ = {isa = PBXBuildFile; fileRef = 7D07F81C1C099C56007DF3FD /* ViewController.swift */; };
		7D181E311C006D96000C04B5 /* MainStoryboard.storyboard in Resources */ = {isa = PBXBuildFile; fileRef = 7D181E2F1C006D96000C04B5 /* MainStoryboard.storyboard */; };
		7D181E411C006D96000C04B5 /* SumDUTests.swift in Sources */ = {isa = PBXBuildFile; fileRef = 7D181E401C006D96000C04B5 /* SumDUTests.swift */; };
		7D181E4C1C006D96000C04B5 /* SumDUUITests.swift in Sources */ = {isa = PBXBuildFile; fileRef = 7D181E4B1C006D96000C04B5 /* SumDUUITests.swift */; };
		7D2B5D891C19FAEB00C758B8 /* ListData.swift in Sources */ = {isa = PBXBuildFile; fileRef = 7D2B5D881C19FAEB00C758B8 /* ListData.swift */; };
		7D3460F61C1A045700774F8E /* SearchViewController.swift in Sources */ = {isa = PBXBuildFile; fileRef = 7D3460F51C1A045700774F8E /* SearchViewController.swift */; };
		7D9F955D1C160E13008B601F /* Parser.swift in Sources */ = {isa = PBXBuildFile; fileRef = 7D9F95581C160E13008B601F /* Parser.swift */; };
		7D9F955E1C160E13008B601F /* Schedule.swift in Sources */ = {isa = PBXBuildFile; fileRef = 7D9F95591C160E13008B601F /* Schedule.swift */; };
		B4E40A711C5CEC9A0057E53D /* InfoPlist.strings in Resources */ = {isa = PBXBuildFile; fileRef = B4E40A731C5CEC9A0057E53D /* InfoPlist.strings */; };
		B4E40A761C5CEC9A0057E53D /* InfoPlist.strings in Resources */ = {isa = PBXBuildFile; fileRef = B4E40A781C5CEC9A0057E53D /* InfoPlist.strings */; };
		B4E40A7B1C5CEC9B0057E53D /* Localizable.strings in Resources */ = {isa = PBXBuildFile; fileRef = B4E40A7D1C5CEC9B0057E53D /* Localizable.strings */; };
		B4E40A801C5CEC9B0057E53D /* InfoPlist.strings in Resources */ = {isa = PBXBuildFile; fileRef = B4E40A821C5CEC9B0057E53D /* InfoPlist.strings */; };
		B4EEB8251C5A153800879965 /* Alert.swift in Sources */ = {isa = PBXBuildFile; fileRef = B4EEB8241C5A153800879965 /* Alert.swift */; };
		E11799201C09E522005D2ABA /* NavigationController.swift in Sources */ = {isa = PBXBuildFile; fileRef = E117991F1C09E522005D2ABA /* NavigationController.swift */; };
		E17F12291C2F1C09001AB284 /* ScheduleCell.swift in Sources */ = {isa = PBXBuildFile; fileRef = E17F12281C2F1C09001AB284 /* ScheduleCell.swift */; };
		E19526A31C3E5C3B008AD541 /* Section.swift in Sources */ = {isa = PBXBuildFile; fileRef = E19526A21C3E5C3B008AD541 /* Section.swift */; };
		E1CD3B4A1C5CB88D0028B9A0 /* ScheduleCoder.swift in Sources */ = {isa = PBXBuildFile; fileRef = E1CD3B491C5CB88D0028B9A0 /* ScheduleCoder.swift */; };
		E1DA623B1C26A71400584099 /* ScheduleViewController.swift in Sources */ = {isa = PBXBuildFile; fileRef = E1DA623A1C26A71400584099 /* ScheduleViewController.swift */; };
		E40668B31C3EF6400011EF25 /* NSDate.swift in Sources */ = {isa = PBXBuildFile; fileRef = E40668B21C3EF6400011EF25 /* NSDate.swift */; };
		E43B299E1C1B7B10007DB3B0 /* ListDataCoder.swift in Sources */ = {isa = PBXBuildFile; fileRef = E43B299D1C1B7B10007DB3B0 /* ListDataCoder.swift */; };
		E4583E951C25495F0031F164 /* Keys.swift in Sources */ = {isa = PBXBuildFile; fileRef = E4583E941C25495F0031F164 /* Keys.swift */; };
		E4B3E0FA1C68F7C2005B8103 /* SectionCoder.swift in Sources */ = {isa = PBXBuildFile; fileRef = E4B3E0F91C68F7C2005B8103 /* SectionCoder.swift */; };
/* End PBXBuildFile section */

/* Begin PBXContainerItemProxy section */
		7D181E3D1C006D96000C04B5 /* PBXContainerItemProxy */ = {
			isa = PBXContainerItemProxy;
			containerPortal = 7D181E201C006D96000C04B5 /* Project object */;
			proxyType = 1;
			remoteGlobalIDString = 7D181E271C006D96000C04B5;
			remoteInfo = SumDU;
		};
		7D181E481C006D96000C04B5 /* PBXContainerItemProxy */ = {
			isa = PBXContainerItemProxy;
			containerPortal = 7D181E201C006D96000C04B5 /* Project object */;
			proxyType = 1;
			remoteGlobalIDString = 7D181E271C006D96000C04B5;
			remoteInfo = SumDU;
		};
/* End PBXContainerItemProxy section */

/* Begin PBXFileReference section */
		7B18AF582DA84179F8E9058F /* Pods.release.xcconfig */ = {isa = PBXFileReference; includeInIndex = 1; lastKnownFileType = text.xcconfig; name = Pods.release.xcconfig; path = "Pods/Target Support Files/Pods/Pods.release.xcconfig"; sourceTree = "<group>"; };
		7D07F8171C099C56007DF3FD /* AppDelegate.swift */ = {isa = PBXFileReference; fileEncoding = 4; lastKnownFileType = sourcecode.swift; path = AppDelegate.swift; sourceTree = "<group>"; };
		7D07F8191C099C56007DF3FD /* Assets.xcassets */ = {isa = PBXFileReference; lastKnownFileType = folder.assetcatalog; path = Assets.xcassets; sourceTree = "<group>"; };
		7D07F81A1C099C56007DF3FD /* Info.plist */ = {isa = PBXFileReference; fileEncoding = 4; lastKnownFileType = text.plist.xml; path = Info.plist; sourceTree = "<group>"; };
		7D07F81C1C099C56007DF3FD /* ViewController.swift */ = {isa = PBXFileReference; fileEncoding = 4; lastKnownFileType = sourcecode.swift; path = ViewController.swift; sourceTree = "<group>"; };
		7D181E281C006D96000C04B5 /* SumDU.app */ = {isa = PBXFileReference; explicitFileType = wrapper.application; includeInIndex = 0; path = SumDU.app; sourceTree = BUILT_PRODUCTS_DIR; };
		7D181E301C006D96000C04B5 /* Base */ = {isa = PBXFileReference; lastKnownFileType = file.storyboard; name = Base; path = Base.lproj/MainStoryboard.storyboard; sourceTree = "<group>"; };
		7D181E3C1C006D96000C04B5 /* SumDUTests.xctest */ = {isa = PBXFileReference; explicitFileType = wrapper.cfbundle; includeInIndex = 0; path = SumDUTests.xctest; sourceTree = BUILT_PRODUCTS_DIR; };
		7D181E401C006D96000C04B5 /* SumDUTests.swift */ = {isa = PBXFileReference; lastKnownFileType = sourcecode.swift; path = SumDUTests.swift; sourceTree = "<group>"; };
		7D181E421C006D96000C04B5 /* Info.plist */ = {isa = PBXFileReference; lastKnownFileType = text.plist.xml; path = Info.plist; sourceTree = "<group>"; };
		7D181E471C006D96000C04B5 /* SumDUUITests.xctest */ = {isa = PBXFileReference; explicitFileType = wrapper.cfbundle; includeInIndex = 0; path = SumDUUITests.xctest; sourceTree = BUILT_PRODUCTS_DIR; };
		7D181E4B1C006D96000C04B5 /* SumDUUITests.swift */ = {isa = PBXFileReference; lastKnownFileType = sourcecode.swift; path = SumDUUITests.swift; sourceTree = "<group>"; };
		7D181E4D1C006D96000C04B5 /* Info.plist */ = {isa = PBXFileReference; lastKnownFileType = text.plist.xml; path = Info.plist; sourceTree = "<group>"; };
		7D2B5D881C19FAEB00C758B8 /* ListData.swift */ = {isa = PBXFileReference; fileEncoding = 4; lastKnownFileType = sourcecode.swift; path = ListData.swift; sourceTree = "<group>"; };
		7D3460F51C1A045700774F8E /* SearchViewController.swift */ = {isa = PBXFileReference; fileEncoding = 4; lastKnownFileType = sourcecode.swift; path = SearchViewController.swift; sourceTree = "<group>"; };
		7D9F95581C160E13008B601F /* Parser.swift */ = {isa = PBXFileReference; fileEncoding = 4; lastKnownFileType = sourcecode.swift; path = Parser.swift; sourceTree = "<group>"; };
		7D9F95591C160E13008B601F /* Schedule.swift */ = {isa = PBXFileReference; fileEncoding = 4; lastKnownFileType = sourcecode.swift; path = Schedule.swift; sourceTree = "<group>"; };
		90B45AB2114CAC68D0AF4B6A /* Pods.debug.xcconfig */ = {isa = PBXFileReference; includeInIndex = 1; lastKnownFileType = text.xcconfig; name = Pods.debug.xcconfig; path = "Pods/Target Support Files/Pods/Pods.debug.xcconfig"; sourceTree = "<group>"; };
		B4E40A6D1C5CE6230057E53D /* uk */ = {isa = PBXFileReference; lastKnownFileType = text.plist.strings; name = uk; path = uk.lproj/MainStoryboard.strings; sourceTree = "<group>"; };
		B4E40A6E1C5CE6420057E53D /* ru */ = {isa = PBXFileReference; lastKnownFileType = text.plist.strings; name = ru; path = ru.lproj/MainStoryboard.strings; sourceTree = "<group>"; };
		B4E40A721C5CEC9A0057E53D /* ru */ = {isa = PBXFileReference; lastKnownFileType = text.plist.strings; name = ru; path = ru.lproj/InfoPlist.strings; sourceTree = "<group>"; };
		B4E40A771C5CEC9A0057E53D /* ru */ = {isa = PBXFileReference; lastKnownFileType = text.plist.strings; name = ru; path = ru.lproj/InfoPlist.strings; sourceTree = "<group>"; };
		B4E40A7C1C5CEC9B0057E53D /* ru */ = {isa = PBXFileReference; lastKnownFileType = text.plist.strings; name = ru; path = ru.lproj/Localizable.strings; sourceTree = "<group>"; };
		B4E40A811C5CEC9B0057E53D /* ru */ = {isa = PBXFileReference; lastKnownFileType = text.plist.strings; name = ru; path = ru.lproj/InfoPlist.strings; sourceTree = "<group>"; };
		B4E40A831C5CECD30057E53D /* uk */ = {isa = PBXFileReference; lastKnownFileType = text.plist.strings; name = uk; path = uk.lproj/InfoPlist.strings; sourceTree = "<group>"; };
		B4E40A841C5CECD40057E53D /* uk */ = {isa = PBXFileReference; lastKnownFileType = text.plist.strings; name = uk; path = uk.lproj/InfoPlist.strings; sourceTree = "<group>"; };
		B4E40A851C5CECD40057E53D /* uk */ = {isa = PBXFileReference; lastKnownFileType = text.plist.strings; name = uk; path = uk.lproj/Localizable.strings; sourceTree = "<group>"; };
		B4E40A861C5CECD40057E53D /* uk */ = {isa = PBXFileReference; lastKnownFileType = text.plist.strings; name = uk; path = uk.lproj/InfoPlist.strings; sourceTree = "<group>"; };
		B4EEB8241C5A153800879965 /* Alert.swift */ = {isa = PBXFileReference; fileEncoding = 4; lastKnownFileType = sourcecode.swift; path = Alert.swift; sourceTree = "<group>"; };
		D1DD90AC92C58F9DD5331ED4 /* Pods.framework */ = {isa = PBXFileReference; explicitFileType = wrapper.framework; includeInIndex = 0; path = Pods.framework; sourceTree = BUILT_PRODUCTS_DIR; };
		E117991F1C09E522005D2ABA /* NavigationController.swift */ = {isa = PBXFileReference; fileEncoding = 4; lastKnownFileType = sourcecode.swift; path = NavigationController.swift; sourceTree = "<group>"; };
		E17F12281C2F1C09001AB284 /* ScheduleCell.swift */ = {isa = PBXFileReference; fileEncoding = 4; lastKnownFileType = sourcecode.swift; path = ScheduleCell.swift; sourceTree = "<group>"; };
		E19526A21C3E5C3B008AD541 /* Section.swift */ = {isa = PBXFileReference; fileEncoding = 4; lastKnownFileType = sourcecode.swift; path = Section.swift; sourceTree = "<group>"; };
		E1CD3B491C5CB88D0028B9A0 /* ScheduleCoder.swift */ = {isa = PBXFileReference; fileEncoding = 4; lastKnownFileType = sourcecode.swift; path = ScheduleCoder.swift; sourceTree = "<group>"; };
		E1DA623A1C26A71400584099 /* ScheduleViewController.swift */ = {isa = PBXFileReference; fileEncoding = 4; lastKnownFileType = sourcecode.swift; path = ScheduleViewController.swift; sourceTree = "<group>"; };
		E40668B21C3EF6400011EF25 /* NSDate.swift */ = {isa = PBXFileReference; fileEncoding = 4; lastKnownFileType = sourcecode.swift; path = NSDate.swift; sourceTree = "<group>"; };
		E43B299D1C1B7B10007DB3B0 /* ListDataCoder.swift */ = {isa = PBXFileReference; fileEncoding = 4; lastKnownFileType = sourcecode.swift; path = ListDataCoder.swift; sourceTree = "<group>"; };
		E4583E941C25495F0031F164 /* Keys.swift */ = {isa = PBXFileReference; fileEncoding = 4; lastKnownFileType = sourcecode.swift; path = Keys.swift; sourceTree = "<group>"; };
		E4A85CAD1C53A4B20075AAD1 /* Bridging.h */ = {isa = PBXFileReference; lastKnownFileType = sourcecode.c.h; path = Bridging.h; sourceTree = "<group>"; };
		E4B3E0F91C68F7C2005B8103 /* SectionCoder.swift */ = {isa = PBXFileReference; fileEncoding = 4; lastKnownFileType = sourcecode.swift; path = SectionCoder.swift; sourceTree = "<group>"; };
/* End PBXFileReference section */

/* Begin PBXFrameworksBuildPhase section */
		7D181E251C006D96000C04B5 /* Frameworks */ = {
			isa = PBXFrameworksBuildPhase;
			buildActionMask = 2147483647;
			files = (
				1876DEC51B31EC3AB821E964 /* Pods.framework in Frameworks */,
			);
			runOnlyForDeploymentPostprocessing = 0;
		};
		7D181E391C006D96000C04B5 /* Frameworks */ = {
			isa = PBXFrameworksBuildPhase;
			buildActionMask = 2147483647;
			files = (
			);
			runOnlyForDeploymentPostprocessing = 0;
		};
		7D181E441C006D96000C04B5 /* Frameworks */ = {
			isa = PBXFrameworksBuildPhase;
			buildActionMask = 2147483647;
			files = (
			);
			runOnlyForDeploymentPostprocessing = 0;
		};
/* End PBXFrameworksBuildPhase section */

/* Begin PBXGroup section */
		7D07F8161C099C56007DF3FD /* App Delegate */ = {
			isa = PBXGroup;
			children = (
				7D07F8171C099C56007DF3FD /* AppDelegate.swift */,
			);
			path = "App Delegate";
			sourceTree = "<group>";
		};
		7D07F8181C099C56007DF3FD /* Resources */ = {
			isa = PBXGroup;
			children = (
				B4E40A821C5CEC9B0057E53D /* InfoPlist.strings */,
				B4E40A7D1C5CEC9B0057E53D /* Localizable.strings */,
				7D07F8191C099C56007DF3FD /* Assets.xcassets */,
				7D07F81A1C099C56007DF3FD /* Info.plist */,
				E4A85CAD1C53A4B20075AAD1 /* Bridging.h */,
			);
			path = Resources;
			sourceTree = "<group>";
		};
		7D07F81B1C099C56007DF3FD /* View Controllers */ = {
			isa = PBXGroup;
			children = (
				7D07F81C1C099C56007DF3FD /* ViewController.swift */,
				E117991F1C09E522005D2ABA /* NavigationController.swift */,
				7D3460F51C1A045700774F8E /* SearchViewController.swift */,
				E1DA623A1C26A71400584099 /* ScheduleViewController.swift */,
				E17F12281C2F1C09001AB284 /* ScheduleCell.swift */,
			);
			path = "View Controllers";
			sourceTree = "<group>";
		};
		7D07F8211C099CAF007DF3FD /* Models */ = {
			isa = PBXGroup;
			children = (
				7D9F95581C160E13008B601F /* Parser.swift */,
				7D9F95591C160E13008B601F /* Schedule.swift */,
				E1CD3B491C5CB88D0028B9A0 /* ScheduleCoder.swift */,
				7D2B5D881C19FAEB00C758B8 /* ListData.swift */,
				E43B299D1C1B7B10007DB3B0 /* ListDataCoder.swift */,
				E19526A21C3E5C3B008AD541 /* Section.swift */,
				E4B3E0F91C68F7C2005B8103 /* SectionCoder.swift */,
			);
			path = Models;
			sourceTree = "<group>";
		};
		7D07F8221C099CAF007DF3FD /* Views */ = {
			isa = PBXGroup;
			children = (
			);
			path = Views;
			sourceTree = "<group>";
		};
		7D181E1F1C006D96000C04B5 = {
			isa = PBXGroup;
			children = (
				7D181E2A1C006D96000C04B5 /* SumDU */,
				7D181E3F1C006D96000C04B5 /* SumDUTests */,
				7D181E4A1C006D96000C04B5 /* SumDUUITests */,
				7D181E291C006D96000C04B5 /* Products */,
				C87EA82E67226A52C1DC48DB /* Pods */,
				C60A99424433C1A53A9F188E /* Frameworks */,
			);
			sourceTree = "<group>";
		};
		7D181E291C006D96000C04B5 /* Products */ = {
			isa = PBXGroup;
			children = (
				7D181E281C006D96000C04B5 /* SumDU.app */,
				7D181E3C1C006D96000C04B5 /* SumDUTests.xctest */,
				7D181E471C006D96000C04B5 /* SumDUUITests.xctest */,
			);
			name = Products;
			sourceTree = "<group>";
		};
		7D181E2A1C006D96000C04B5 /* SumDU */ = {
			isa = PBXGroup;
			children = (
				7D181E2F1C006D96000C04B5 /* MainStoryboard.storyboard */,
				E4583E931C25494A0031F164 /* Constants */,
				B4EEB8231C5A153800879965 /* Helpers */,
				7D07F8161C099C56007DF3FD /* App Delegate */,
				7D07F8211C099CAF007DF3FD /* Models */,
				7D07F8181C099C56007DF3FD /* Resources */,
				7D07F81B1C099C56007DF3FD /* View Controllers */,
				7D07F8221C099CAF007DF3FD /* Views */,
			);
			path = SumDU;
			sourceTree = "<group>";
		};
		7D181E3F1C006D96000C04B5 /* SumDUTests */ = {
			isa = PBXGroup;
			children = (
				B4E40A731C5CEC9A0057E53D /* InfoPlist.strings */,
				7D181E401C006D96000C04B5 /* SumDUTests.swift */,
				7D181E421C006D96000C04B5 /* Info.plist */,
			);
			path = SumDUTests;
			sourceTree = "<group>";
		};
		7D181E4A1C006D96000C04B5 /* SumDUUITests */ = {
			isa = PBXGroup;
			children = (
				B4E40A781C5CEC9A0057E53D /* InfoPlist.strings */,
				7D181E4B1C006D96000C04B5 /* SumDUUITests.swift */,
				7D181E4D1C006D96000C04B5 /* Info.plist */,
			);
			path = SumDUUITests;
			sourceTree = "<group>";
		};
		B4EEB8231C5A153800879965 /* Helpers */ = {
			isa = PBXGroup;
			children = (
				B4EEB8241C5A153800879965 /* Alert.swift */,
			);
			path = Helpers;
			sourceTree = "<group>";
		};
		C60A99424433C1A53A9F188E /* Frameworks */ = {
			isa = PBXGroup;
			children = (
				D1DD90AC92C58F9DD5331ED4 /* Pods.framework */,
			);
			name = Frameworks;
			sourceTree = "<group>";
		};
		C87EA82E67226A52C1DC48DB /* Pods */ = {
			isa = PBXGroup;
			children = (
				90B45AB2114CAC68D0AF4B6A /* Pods.debug.xcconfig */,
				7B18AF582DA84179F8E9058F /* Pods.release.xcconfig */,
			);
			name = Pods;
			sourceTree = "<group>";
		};
		E4583E931C25494A0031F164 /* Constants */ = {
			isa = PBXGroup;
			children = (
				E4583E941C25495F0031F164 /* Keys.swift */,
				E40668B21C3EF6400011EF25 /* NSDate.swift */,
			);
			path = Constants;
			sourceTree = "<group>";
		};
/* End PBXGroup section */

/* Begin PBXNativeTarget section */
		7D181E271C006D96000C04B5 /* SumDU */ = {
			isa = PBXNativeTarget;
			buildConfigurationList = 7D181E501C006D96000C04B5 /* Build configuration list for PBXNativeTarget "SumDU" */;
			buildPhases = (
				9C7F41B862AB6AA1CE16666F /* Check Pods Manifest.lock */,
				7D181E241C006D96000C04B5 /* Sources */,
				7D181E251C006D96000C04B5 /* Frameworks */,
				7D181E261C006D96000C04B5 /* Resources */,
				D6560D04B555E69CFD2860BE /* Embed Pods Frameworks */,
				2311686225E346539BBF844B /* Copy Pods Resources */,
			);
			buildRules = (
			);
			dependencies = (
			);
			name = SumDU;
			productName = SumDU;
			productReference = 7D181E281C006D96000C04B5 /* SumDU.app */;
			productType = "com.apple.product-type.application";
		};
		7D181E3B1C006D96000C04B5 /* SumDUTests */ = {
			isa = PBXNativeTarget;
			buildConfigurationList = 7D181E531C006D96000C04B5 /* Build configuration list for PBXNativeTarget "SumDUTests" */;
			buildPhases = (
				7D181E381C006D96000C04B5 /* Sources */,
				7D181E391C006D96000C04B5 /* Frameworks */,
				7D181E3A1C006D96000C04B5 /* Resources */,
			);
			buildRules = (
			);
			dependencies = (
				7D181E3E1C006D96000C04B5 /* PBXTargetDependency */,
			);
			name = SumDUTests;
			productName = SumDUTests;
			productReference = 7D181E3C1C006D96000C04B5 /* SumDUTests.xctest */;
			productType = "com.apple.product-type.bundle.unit-test";
		};
		7D181E461C006D96000C04B5 /* SumDUUITests */ = {
			isa = PBXNativeTarget;
			buildConfigurationList = 7D181E561C006D96000C04B5 /* Build configuration list for PBXNativeTarget "SumDUUITests" */;
			buildPhases = (
				7D181E431C006D96000C04B5 /* Sources */,
				7D181E441C006D96000C04B5 /* Frameworks */,
				7D181E451C006D96000C04B5 /* Resources */,
			);
			buildRules = (
			);
			dependencies = (
				7D181E491C006D96000C04B5 /* PBXTargetDependency */,
			);
			name = SumDUUITests;
			productName = SumDUUITests;
			productReference = 7D181E471C006D96000C04B5 /* SumDUUITests.xctest */;
			productType = "com.apple.product-type.bundle.ui-testing";
		};
/* End PBXNativeTarget section */

/* Begin PBXProject section */
		7D181E201C006D96000C04B5 /* Project object */ = {
			isa = PBXProject;
			attributes = {
				LastSwiftUpdateCheck = 0710;
				LastUpgradeCheck = 0710;
				ORGANIZATIONNAME = AppDecAcademy;
				TargetAttributes = {
					7D181E271C006D96000C04B5 = {
						CreatedOnToolsVersion = 7.1.1;
					};
					7D181E3B1C006D96000C04B5 = {
						CreatedOnToolsVersion = 7.1.1;
						TestTargetID = 7D181E271C006D96000C04B5;
					};
					7D181E461C006D96000C04B5 = {
						CreatedOnToolsVersion = 7.1.1;
						TestTargetID = 7D181E271C006D96000C04B5;
					};
				};
			};
			buildConfigurationList = 7D181E231C006D96000C04B5 /* Build configuration list for PBXProject "SumDU" */;
			compatibilityVersion = "Xcode 3.2";
			developmentRegion = English;
			hasScannedForEncodings = 0;
			knownRegions = (
				en,
				Base,
			);
			mainGroup = 7D181E1F1C006D96000C04B5;
			productRefGroup = 7D181E291C006D96000C04B5 /* Products */;
			projectDirPath = "";
			projectRoot = "";
			targets = (
				7D181E271C006D96000C04B5 /* SumDU */,
				7D181E3B1C006D96000C04B5 /* SumDUTests */,
				7D181E461C006D96000C04B5 /* SumDUUITests */,
			);
		};
/* End PBXProject section */

/* Begin PBXResourcesBuildPhase section */
		7D181E261C006D96000C04B5 /* Resources */ = {
			isa = PBXResourcesBuildPhase;
			buildActionMask = 2147483647;
			files = (
				7D07F81E1C099C56007DF3FD /* Assets.xcassets in Resources */,
				B4E40A801C5CEC9B0057E53D /* InfoPlist.strings in Resources */,
				B4E40A7B1C5CEC9B0057E53D /* Localizable.strings in Resources */,
				7D181E311C006D96000C04B5 /* MainStoryboard.storyboard in Resources */,
			);
			runOnlyForDeploymentPostprocessing = 0;
		};
		7D181E3A1C006D96000C04B5 /* Resources */ = {
			isa = PBXResourcesBuildPhase;
			buildActionMask = 2147483647;
			files = (
				B4E40A711C5CEC9A0057E53D /* InfoPlist.strings in Resources */,
			);
			runOnlyForDeploymentPostprocessing = 0;
		};
		7D181E451C006D96000C04B5 /* Resources */ = {
			isa = PBXResourcesBuildPhase;
			buildActionMask = 2147483647;
			files = (
				B4E40A761C5CEC9A0057E53D /* InfoPlist.strings in Resources */,
			);
			runOnlyForDeploymentPostprocessing = 0;
		};
/* End PBXResourcesBuildPhase section */

/* Begin PBXShellScriptBuildPhase section */
		2311686225E346539BBF844B /* Copy Pods Resources */ = {
			isa = PBXShellScriptBuildPhase;
			buildActionMask = 2147483647;
			files = (
			);
			inputPaths = (
			);
			name = "Copy Pods Resources";
			outputPaths = (
			);
			runOnlyForDeploymentPostprocessing = 0;
			shellPath = /bin/sh;
			shellScript = "\"${SRCROOT}/Pods/Target Support Files/Pods/Pods-resources.sh\"\n";
			showEnvVarsInLog = 0;
		};
		9C7F41B862AB6AA1CE16666F /* Check Pods Manifest.lock */ = {
			isa = PBXShellScriptBuildPhase;
			buildActionMask = 2147483647;
			files = (
			);
			inputPaths = (
			);
			name = "Check Pods Manifest.lock";
			outputPaths = (
			);
			runOnlyForDeploymentPostprocessing = 0;
			shellPath = /bin/sh;
			shellScript = "diff \"${PODS_ROOT}/../Podfile.lock\" \"${PODS_ROOT}/Manifest.lock\" > /dev/null\nif [[ $? != 0 ]] ; then\n    cat << EOM\nerror: The sandbox is not in sync with the Podfile.lock. Run 'pod install' or update your CocoaPods installation.\nEOM\n    exit 1\nfi\n";
			showEnvVarsInLog = 0;
		};
		D6560D04B555E69CFD2860BE /* Embed Pods Frameworks */ = {
			isa = PBXShellScriptBuildPhase;
			buildActionMask = 2147483647;
			files = (
			);
			inputPaths = (
			);
			name = "Embed Pods Frameworks";
			outputPaths = (
			);
			runOnlyForDeploymentPostprocessing = 0;
			shellPath = /bin/sh;
			shellScript = "\"${SRCROOT}/Pods/Target Support Files/Pods/Pods-frameworks.sh\"\n";
			showEnvVarsInLog = 0;
		};
/* End PBXShellScriptBuildPhase section */

/* Begin PBXSourcesBuildPhase section */
		7D181E241C006D96000C04B5 /* Sources */ = {
			isa = PBXSourcesBuildPhase;
			buildActionMask = 2147483647;
			files = (
				7D07F8201C099C56007DF3FD /* ViewController.swift in Sources */,
				7D3460F61C1A045700774F8E /* SearchViewController.swift in Sources */,
				E11799201C09E522005D2ABA /* NavigationController.swift in Sources */,
				7D2B5D891C19FAEB00C758B8 /* ListData.swift in Sources */,
				7D9F955D1C160E13008B601F /* Parser.swift in Sources */,
				E1DA623B1C26A71400584099 /* ScheduleViewController.swift in Sources */,
				B4EEB8251C5A153800879965 /* Alert.swift in Sources */,
				7D9F955E1C160E13008B601F /* Schedule.swift in Sources */,
				E19526A31C3E5C3B008AD541 /* Section.swift in Sources */,
				E43B299E1C1B7B10007DB3B0 /* ListDataCoder.swift in Sources */,
				E1CD3B4A1C5CB88D0028B9A0 /* ScheduleCoder.swift in Sources */,
				E40668B31C3EF6400011EF25 /* NSDate.swift in Sources */,
				E4583E951C25495F0031F164 /* Keys.swift in Sources */,
				E17F12291C2F1C09001AB284 /* ScheduleCell.swift in Sources */,
				7D07F81D1C099C56007DF3FD /* AppDelegate.swift in Sources */,
				E4B3E0FA1C68F7C2005B8103 /* SectionCoder.swift in Sources */,
			);
			runOnlyForDeploymentPostprocessing = 0;
		};
		7D181E381C006D96000C04B5 /* Sources */ = {
			isa = PBXSourcesBuildPhase;
			buildActionMask = 2147483647;
			files = (
				7D181E411C006D96000C04B5 /* SumDUTests.swift in Sources */,
			);
			runOnlyForDeploymentPostprocessing = 0;
		};
		7D181E431C006D96000C04B5 /* Sources */ = {
			isa = PBXSourcesBuildPhase;
			buildActionMask = 2147483647;
			files = (
				7D181E4C1C006D96000C04B5 /* SumDUUITests.swift in Sources */,
			);
			runOnlyForDeploymentPostprocessing = 0;
		};
/* End PBXSourcesBuildPhase section */

/* Begin PBXTargetDependency section */
		7D181E3E1C006D96000C04B5 /* PBXTargetDependency */ = {
			isa = PBXTargetDependency;
			target = 7D181E271C006D96000C04B5 /* SumDU */;
			targetProxy = 7D181E3D1C006D96000C04B5 /* PBXContainerItemProxy */;
		};
		7D181E491C006D96000C04B5 /* PBXTargetDependency */ = {
			isa = PBXTargetDependency;
			target = 7D181E271C006D96000C04B5 /* SumDU */;
			targetProxy = 7D181E481C006D96000C04B5 /* PBXContainerItemProxy */;
		};
/* End PBXTargetDependency section */

/* Begin PBXVariantGroup section */
		7D181E2F1C006D96000C04B5 /* MainStoryboard.storyboard */ = {
			isa = PBXVariantGroup;
			children = (
				7D181E301C006D96000C04B5 /* Base */,
				B4E40A6D1C5CE6230057E53D /* uk */,
				B4E40A6E1C5CE6420057E53D /* ru */,
			);
			name = MainStoryboard.storyboard;
			sourceTree = "<group>";
		};
		B4E40A731C5CEC9A0057E53D /* InfoPlist.strings */ = {
			isa = PBXVariantGroup;
			children = (
				B4E40A721C5CEC9A0057E53D /* ru */,
				B4E40A831C5CECD30057E53D /* uk */,
			);
			name = InfoPlist.strings;
			sourceTree = "<group>";
		};
		B4E40A781C5CEC9A0057E53D /* InfoPlist.strings */ = {
			isa = PBXVariantGroup;
			children = (
				B4E40A771C5CEC9A0057E53D /* ru */,
				B4E40A841C5CECD40057E53D /* uk */,
			);
			name = InfoPlist.strings;
			sourceTree = "<group>";
		};
		B4E40A7D1C5CEC9B0057E53D /* Localizable.strings */ = {
			isa = PBXVariantGroup;
			children = (
				B4E40A7C1C5CEC9B0057E53D /* ru */,
				B4E40A851C5CECD40057E53D /* uk */,
			);
			name = Localizable.strings;
			sourceTree = "<group>";
		};
		B4E40A821C5CEC9B0057E53D /* InfoPlist.strings */ = {
			isa = PBXVariantGroup;
			children = (
				B4E40A811C5CEC9B0057E53D /* ru */,
				B4E40A861C5CECD40057E53D /* uk */,
			);
			name = InfoPlist.strings;
			sourceTree = "<group>";
		};
/* End PBXVariantGroup section */

/* Begin XCBuildConfiguration section */
		7D181E4E1C006D96000C04B5 /* Debug */ = {
			isa = XCBuildConfiguration;
			buildSettings = {
				ALWAYS_SEARCH_USER_PATHS = NO;
				CLANG_CXX_LANGUAGE_STANDARD = "gnu++0x";
				CLANG_CXX_LIBRARY = "libc++";
				CLANG_ENABLE_MODULES = YES;
				CLANG_ENABLE_OBJC_ARC = YES;
				CLANG_WARN_BOOL_CONVERSION = YES;
				CLANG_WARN_CONSTANT_CONVERSION = YES;
				CLANG_WARN_DIRECT_OBJC_ISA_USAGE = YES_ERROR;
				CLANG_WARN_EMPTY_BODY = YES;
				CLANG_WARN_ENUM_CONVERSION = YES;
				CLANG_WARN_INT_CONVERSION = YES;
				CLANG_WARN_OBJC_ROOT_CLASS = YES_ERROR;
				CLANG_WARN_UNREACHABLE_CODE = YES;
				CLANG_WARN__DUPLICATE_METHOD_MATCH = YES;
				"CODE_SIGN_IDENTITY[sdk=iphoneos*]" = "iPhone Developer";
				COPY_PHASE_STRIP = NO;
				DEBUG_INFORMATION_FORMAT = dwarf;
				ENABLE_STRICT_OBJC_MSGSEND = YES;
				ENABLE_TESTABILITY = YES;
				GCC_C_LANGUAGE_STANDARD = gnu99;
				GCC_DYNAMIC_NO_PIC = NO;
				GCC_NO_COMMON_BLOCKS = YES;
				GCC_OPTIMIZATION_LEVEL = 0;
				GCC_PREPROCESSOR_DEFINITIONS = (
					"DEBUG=1",
					"$(inherited)",
				);
				GCC_WARN_64_TO_32_BIT_CONVERSION = YES;
				GCC_WARN_ABOUT_RETURN_TYPE = YES_ERROR;
				GCC_WARN_UNDECLARED_SELECTOR = YES;
				GCC_WARN_UNINITIALIZED_AUTOS = YES_AGGRESSIVE;
				GCC_WARN_UNUSED_FUNCTION = YES;
				GCC_WARN_UNUSED_VARIABLE = YES;
				IPHONEOS_DEPLOYMENT_TARGET = 9.1;
				MTL_ENABLE_DEBUG_INFO = YES;
				ONLY_ACTIVE_ARCH = YES;
				SDKROOT = iphoneos;
				SWIFT_OPTIMIZATION_LEVEL = "-Onone";
				TARGETED_DEVICE_FAMILY = "1,2";
			};
			name = Debug;
		};
		7D181E4F1C006D96000C04B5 /* Release */ = {
			isa = XCBuildConfiguration;
			buildSettings = {
				ALWAYS_SEARCH_USER_PATHS = NO;
				CLANG_CXX_LANGUAGE_STANDARD = "gnu++0x";
				CLANG_CXX_LIBRARY = "libc++";
				CLANG_ENABLE_MODULES = YES;
				CLANG_ENABLE_OBJC_ARC = YES;
				CLANG_WARN_BOOL_CONVERSION = YES;
				CLANG_WARN_CONSTANT_CONVERSION = YES;
				CLANG_WARN_DIRECT_OBJC_ISA_USAGE = YES_ERROR;
				CLANG_WARN_EMPTY_BODY = YES;
				CLANG_WARN_ENUM_CONVERSION = YES;
				CLANG_WARN_INT_CONVERSION = YES;
				CLANG_WARN_OBJC_ROOT_CLASS = YES_ERROR;
				CLANG_WARN_UNREACHABLE_CODE = YES;
				CLANG_WARN__DUPLICATE_METHOD_MATCH = YES;
				"CODE_SIGN_IDENTITY[sdk=iphoneos*]" = "iPhone Developer";
				COPY_PHASE_STRIP = NO;
				DEBUG_INFORMATION_FORMAT = "dwarf-with-dsym";
				ENABLE_NS_ASSERTIONS = NO;
				ENABLE_STRICT_OBJC_MSGSEND = YES;
				GCC_C_LANGUAGE_STANDARD = gnu99;
				GCC_NO_COMMON_BLOCKS = YES;
				GCC_WARN_64_TO_32_BIT_CONVERSION = YES;
				GCC_WARN_ABOUT_RETURN_TYPE = YES_ERROR;
				GCC_WARN_UNDECLARED_SELECTOR = YES;
				GCC_WARN_UNINITIALIZED_AUTOS = YES_AGGRESSIVE;
				GCC_WARN_UNUSED_FUNCTION = YES;
				GCC_WARN_UNUSED_VARIABLE = YES;
				IPHONEOS_DEPLOYMENT_TARGET = 9.1;
				MTL_ENABLE_DEBUG_INFO = NO;
				SDKROOT = iphoneos;
				TARGETED_DEVICE_FAMILY = "1,2";
				VALIDATE_PRODUCT = YES;
			};
			name = Release;
		};
		7D181E511C006D96000C04B5 /* Debug */ = {
			isa = XCBuildConfiguration;
			baseConfigurationReference = 90B45AB2114CAC68D0AF4B6A /* Pods.debug.xcconfig */;
			buildSettings = {
				ASSETCATALOG_COMPILER_APPICON_NAME = AppIcon;
				ASSETCATALOG_COMPILER_LAUNCHIMAGE_NAME = "Brand Assets";
				CODE_SIGN_IDENTITY = "iPhone Developer";
				INFOPLIST_FILE = "$(SRCROOT)/SumDU/Resources/Info.plist";
				IPHONEOS_DEPLOYMENT_TARGET = 8.0;
				LD_RUNPATH_SEARCH_PATHS = "$(inherited) @executable_path/Frameworks";
				PRODUCT_BUNDLE_IDENTIFIER = com.iosonrails.SumDU;
				PRODUCT_NAME = "$(TARGET_NAME)";
				SWIFT_OBJC_BRIDGING_HEADER = SumDU/Resources/Bridging.h;
			};
			name = Debug;
		};
		7D181E521C006D96000C04B5 /* Release */ = {
			isa = XCBuildConfiguration;
			baseConfigurationReference = 7B18AF582DA84179F8E9058F /* Pods.release.xcconfig */;
			buildSettings = {
				ASSETCATALOG_COMPILER_APPICON_NAME = AppIcon;
				ASSETCATALOG_COMPILER_LAUNCHIMAGE_NAME = "Brand Assets";
				CODE_SIGN_IDENTITY = "iPhone Developer";
				INFOPLIST_FILE = "$(SRCROOT)/SumDU/Resources/Info.plist";
				IPHONEOS_DEPLOYMENT_TARGET = 8.0;
				LD_RUNPATH_SEARCH_PATHS = "$(inherited) @executable_path/Frameworks";
				PRODUCT_BUNDLE_IDENTIFIER = com.iosonrails.SumDU;
				PRODUCT_NAME = "$(TARGET_NAME)";
				SWIFT_OBJC_BRIDGING_HEADER = SumDU/Resources/Bridging.h;
			};
			name = Release;
		};
		7D181E541C006D96000C04B5 /* Debug */ = {
			isa = XCBuildConfiguration;
			buildSettings = {
				BUNDLE_LOADER = "$(TEST_HOST)";
				INFOPLIST_FILE = SumDUTests/Info.plist;
				LD_RUNPATH_SEARCH_PATHS = "$(inherited) @executable_path/Frameworks @loader_path/Frameworks";
				PRODUCT_BUNDLE_IDENTIFIER = com.iosonrails.SumDUTests;
				PRODUCT_NAME = "$(TARGET_NAME)";
				TEST_HOST = "$(BUILT_PRODUCTS_DIR)/SumDU.app/SumDU";
			};
			name = Debug;
		};
		7D181E551C006D96000C04B5 /* Release */ = {
			isa = XCBuildConfiguration;
			buildSettings = {
				BUNDLE_LOADER = "$(TEST_HOST)";
				INFOPLIST_FILE = SumDUTests/Info.plist;
				LD_RUNPATH_SEARCH_PATHS = "$(inherited) @executable_path/Frameworks @loader_path/Frameworks";
				PRODUCT_BUNDLE_IDENTIFIER = com.iosonrails.SumDUTests;
				PRODUCT_NAME = "$(TARGET_NAME)";
				TEST_HOST = "$(BUILT_PRODUCTS_DIR)/SumDU.app/SumDU";
			};
			name = Release;
		};
		7D181E571C006D96000C04B5 /* Debug */ = {
			isa = XCBuildConfiguration;
			buildSettings = {
				INFOPLIST_FILE = SumDUUITests/Info.plist;
				LD_RUNPATH_SEARCH_PATHS = "$(inherited) @executable_path/Frameworks @loader_path/Frameworks";
				PRODUCT_BUNDLE_IDENTIFIER = com.iosonrails.SumDUUITests;
				PRODUCT_NAME = "$(TARGET_NAME)";
				TEST_TARGET_NAME = SumDU;
				USES_XCTRUNNER = YES;
			};
			name = Debug;
		};
		7D181E581C006D96000C04B5 /* Release */ = {
			isa = XCBuildConfiguration;
			buildSettings = {
				INFOPLIST_FILE = SumDUUITests/Info.plist;
				LD_RUNPATH_SEARCH_PATHS = "$(inherited) @executable_path/Frameworks @loader_path/Frameworks";
				PRODUCT_BUNDLE_IDENTIFIER = com.iosonrails.SumDUUITests;
				PRODUCT_NAME = "$(TARGET_NAME)";
				TEST_TARGET_NAME = SumDU;
				USES_XCTRUNNER = YES;
			};
			name = Release;
		};
/* End XCBuildConfiguration section */

/* Begin XCConfigurationList section */
		7D181E231C006D96000C04B5 /* Build configuration list for PBXProject "SumDU" */ = {
			isa = XCConfigurationList;
			buildConfigurations = (
				7D181E4E1C006D96000C04B5 /* Debug */,
				7D181E4F1C006D96000C04B5 /* Release */,
			);
			defaultConfigurationIsVisible = 0;
			defaultConfigurationName = Release;
		};
		7D181E501C006D96000C04B5 /* Build configuration list for PBXNativeTarget "SumDU" */ = {
			isa = XCConfigurationList;
			buildConfigurations = (
				7D181E511C006D96000C04B5 /* Debug */,
				7D181E521C006D96000C04B5 /* Release */,
			);
			defaultConfigurationIsVisible = 0;
			defaultConfigurationName = Release;
		};
		7D181E531C006D96000C04B5 /* Build configuration list for PBXNativeTarget "SumDUTests" */ = {
			isa = XCConfigurationList;
			buildConfigurations = (
				7D181E541C006D96000C04B5 /* Debug */,
				7D181E551C006D96000C04B5 /* Release */,
			);
			defaultConfigurationIsVisible = 0;
			defaultConfigurationName = Release;
		};
		7D181E561C006D96000C04B5 /* Build configuration list for PBXNativeTarget "SumDUUITests" */ = {
			isa = XCConfigurationList;
			buildConfigurations = (
				7D181E571C006D96000C04B5 /* Debug */,
				7D181E581C006D96000C04B5 /* Release */,
			);
			defaultConfigurationIsVisible = 0;
			defaultConfigurationName = Release;
		};
/* End XCConfigurationList section */
	};
	rootObject = 7D181E201C006D96000C04B5 /* Project object */;
}
